
Microsoft Visual Studio Solution File, Format Version 12.00
# Visual Studio Version 17
VisualStudioVersion = 17.3.32804.467
MinimumVisualStudioVersion = 10.0.40219.1
Project("{2150E333-8FDC-42A3-9474-1A3956D46DE8}") = "src", "src", "{70B37549-7BDF-499A-A040-45501065D8BB}"
EndProject
Project("{2150E333-8FDC-42A3-9474-1A3956D46DE8}") = "Building Blocks", "Building Blocks", "{48A11C3D-2D73-4A32-A07F-D1777AD9B177}"
EndProject
Project("{2150E333-8FDC-42A3-9474-1A3956D46DE8}") = "Services", "Services", "{10C1146A-F99F-4D41-969E-BF1BFA6E6A27}"
EndProject
Project("{2150E333-8FDC-42A3-9474-1A3956D46DE8}") = "Web", "Web", "{061CBD8A-8588-4970-A960-C659C1A595EB}"
EndProject
Project("{2150E333-8FDC-42A3-9474-1A3956D46DE8}") = "Identidade", "Identidade", "{D524F6D7-62A0-43AF-956F-C1041B735815}"
EndProject
Project("{FAE04EC0-301F-11D3-BF4B-00C04F79EFBC}") = "NSE.Identidade.API", "src\services\NSE.Identidade.API\NSE.Identidade.API.csproj", "{6E069020-2365-4451-83AF-ECFC8F30B89C}"
EndProject
Project("{2150E333-8FDC-42A3-9474-1A3956D46DE8}") = "MVC", "MVC", "{9B3A397A-AE91-4288-8824-5CECC5CFE5FC}"
EndProject
Project("{FAE04EC0-301F-11D3-BF4B-00C04F79EFBC}") = "NSE.WebApp.MVC", "src\web\NSE.WebApp.MVC\NSE.WebApp.MVC.csproj", "{41F043BA-07F4-4A95-8FF1-AA2F6810BA0F}"
EndProject
Project("{2150E333-8FDC-42A3-9474-1A3956D46DE8}") = "Core", "Core", "{35E7B25A-970F-4940-9FB3-E733E772E821}"
EndProject
Project("{FAE04EC0-301F-11D3-BF4B-00C04F79EFBC}") = "NSE.Core", "src\building blocks\NSE.Core\NSE.Core.csproj", "{C3F1DF3A-45FF-4F40-A566-A401359307BE}"
EndProject
Project("{2150E333-8FDC-42A3-9474-1A3956D46DE8}") = "Catalogo", "Catalogo", "{33519DEA-2961-4E45-84A2-A260588F647F}"
EndProject
Project("{2150E333-8FDC-42A3-9474-1A3956D46DE8}") = "Cliente", "Cliente", "{1AB1D0D3-E647-4541-BF11-53A3AD47CCC9}"
EndProject
Project("{2150E333-8FDC-42A3-9474-1A3956D46DE8}") = "Pagamento", "Pagamento", "{39ABF064-F9F1-4DE1-B172-2EEF5D69E265}"
EndProject
Project("{2150E333-8FDC-42A3-9474-1A3956D46DE8}") = "Pedido", "Pedido", "{0A82277E-3037-44BD-8800-C1F5F92A57D2}"
EndProject
Project("{FAE04EC0-301F-11D3-BF4B-00C04F79EFBC}") = "NSE.Pedido.API", "src\services\NSE.Pedido.API\NSE.Pedido.API.csproj", "{E901213E-7A81-4EB7-AC14-6746865F31C4}"
EndProject
Project("{FAE04EC0-301F-11D3-BF4B-00C04F79EFBC}") = "NSE.Pagamento.API", "src\services\NSE.Pagamento.API\NSE.Pagamento.API.csproj", "{C2B82054-B696-437E-B48E-CEBF920D8A32}"
EndProject
Project("{FAE04EC0-301F-11D3-BF4B-00C04F79EFBC}") = "NSE.Cliente.API", "src\services\NSE.Cliente.API\NSE.Cliente.API.csproj", "{DA7051B8-3073-4655-9910-98F6B711187A}"
EndProject
Project("{FAE04EC0-301F-11D3-BF4B-00C04F79EFBC}") = "NSE.Catalago.API", "src\services\NSE.Catalago.API\NSE.Catalago.API.csproj", "{87F20064-EE9B-48E6-89F7-515C6E73CB6B}"
EndProject
Project("{2150E333-8FDC-42A3-9474-1A3956D46DE8}") = "Carrinho", "Carrinho", "{CFA1FB2A-8EFD-45F3-9CDE-F9192FE9919E}"
EndProject
Project("{FAE04EC0-301F-11D3-BF4B-00C04F79EFBC}") = "NSE.Carrinho.API", "src\services\NSE.Carrinho.API\NSE.Carrinho.API.csproj", "{77C756DF-BAEF-48A8-BD23-B41EC7078FB4}"
EndProject
Global
	GlobalSection(SolutionConfigurationPlatforms) = preSolution
		Debug|Any CPU = Debug|Any CPU
		Release|Any CPU = Release|Any CPU
	EndGlobalSection
	GlobalSection(ProjectConfigurationPlatforms) = postSolution
		{6E069020-2365-4451-83AF-ECFC8F30B89C}.Debug|Any CPU.ActiveCfg = Debug|Any CPU
		{6E069020-2365-4451-83AF-ECFC8F30B89C}.Debug|Any CPU.Build.0 = Debug|Any CPU
		{6E069020-2365-4451-83AF-ECFC8F30B89C}.Release|Any CPU.ActiveCfg = Release|Any CPU
		{6E069020-2365-4451-83AF-ECFC8F30B89C}.Release|Any CPU.Build.0 = Release|Any CPU
		{41F043BA-07F4-4A95-8FF1-AA2F6810BA0F}.Debug|Any CPU.ActiveCfg = Debug|Any CPU
		{41F043BA-07F4-4A95-8FF1-AA2F6810BA0F}.Debug|Any CPU.Build.0 = Debug|Any CPU
		{41F043BA-07F4-4A95-8FF1-AA2F6810BA0F}.Release|Any CPU.ActiveCfg = Release|Any CPU
		{41F043BA-07F4-4A95-8FF1-AA2F6810BA0F}.Release|Any CPU.Build.0 = Release|Any CPU
		{C3F1DF3A-45FF-4F40-A566-A401359307BE}.Debug|Any CPU.ActiveCfg = Debug|Any CPU
		{C3F1DF3A-45FF-4F40-A566-A401359307BE}.Debug|Any CPU.Build.0 = Debug|Any CPU
		{C3F1DF3A-45FF-4F40-A566-A401359307BE}.Release|Any CPU.ActiveCfg = Release|Any CPU
		{C3F1DF3A-45FF-4F40-A566-A401359307BE}.Release|Any CPU.Build.0 = Release|Any CPU
		{E901213E-7A81-4EB7-AC14-6746865F31C4}.Debug|Any CPU.ActiveCfg = Debug|Any CPU
		{E901213E-7A81-4EB7-AC14-6746865F31C4}.Debug|Any CPU.Build.0 = Debug|Any CPU
		{E901213E-7A81-4EB7-AC14-6746865F31C4}.Release|Any CPU.ActiveCfg = Release|Any CPU
		{E901213E-7A81-4EB7-AC14-6746865F31C4}.Release|Any CPU.Build.0 = Release|Any CPU
		{C2B82054-B696-437E-B48E-CEBF920D8A32}.Debug|Any CPU.ActiveCfg = Debug|Any CPU
		{C2B82054-B696-437E-B48E-CEBF920D8A32}.Debug|Any CPU.Build.0 = Debug|Any CPU
		{C2B82054-B696-437E-B48E-CEBF920D8A32}.Release|Any CPU.ActiveCfg = Release|Any CPU
		{C2B82054-B696-437E-B48E-CEBF920D8A32}.Release|Any CPU.Build.0 = Release|Any CPU
		{DA7051B8-3073-4655-9910-98F6B711187A}.Debug|Any CPU.ActiveCfg = Debug|Any CPU
		{DA7051B8-3073-4655-9910-98F6B711187A}.Debug|Any CPU.Build.0 = Debug|Any CPU
		{DA7051B8-3073-4655-9910-98F6B711187A}.Release|Any CPU.ActiveCfg = Release|Any CPU
		{DA7051B8-3073-4655-9910-98F6B711187A}.Release|Any CPU.Build.0 = Release|Any CPU
		{87F20064-EE9B-48E6-89F7-515C6E73CB6B}.Debug|Any CPU.ActiveCfg = Debug|Any CPU
		{87F20064-EE9B-48E6-89F7-515C6E73CB6B}.Debug|Any CPU.Build.0 = Debug|Any CPU
		{87F20064-EE9B-48E6-89F7-515C6E73CB6B}.Release|Any CPU.ActiveCfg = Release|Any CPU
		{87F20064-EE9B-48E6-89F7-515C6E73CB6B}.Release|Any CPU.Build.0 = Release|Any CPU
		{77C756DF-BAEF-48A8-BD23-B41EC7078FB4}.Debug|Any CPU.ActiveCfg = Debug|Any CPU
		{77C756DF-BAEF-48A8-BD23-B41EC7078FB4}.Debug|Any CPU.Build.0 = Debug|Any CPU
		{77C756DF-BAEF-48A8-BD23-B41EC7078FB4}.Release|Any CPU.ActiveCfg = Release|Any CPU
		{77C756DF-BAEF-48A8-BD23-B41EC7078FB4}.Release|Any CPU.Build.0 = Release|Any CPU
	EndGlobalSection
	GlobalSection(SolutionProperties) = preSolution
		HideSolutionNode = FALSE
	EndGlobalSection
	GlobalSection(NestedProjects) = preSolution
		{48A11C3D-2D73-4A32-A07F-D1777AD9B177} = {70B37549-7BDF-499A-A040-45501065D8BB}
		{10C1146A-F99F-4D41-969E-BF1BFA6E6A27} = {70B37549-7BDF-499A-A040-45501065D8BB}
		{061CBD8A-8588-4970-A960-C659C1A595EB} = {70B37549-7BDF-499A-A040-45501065D8BB}
		{D524F6D7-62A0-43AF-956F-C1041B735815} = {10C1146A-F99F-4D41-969E-BF1BFA6E6A27}
		{6E069020-2365-4451-83AF-ECFC8F30B89C} = {D524F6D7-62A0-43AF-956F-C1041B735815}
		{9B3A397A-AE91-4288-8824-5CECC5CFE5FC} = {061CBD8A-8588-4970-A960-C659C1A595EB}
		{41F043BA-07F4-4A95-8FF1-AA2F6810BA0F} = {9B3A397A-AE91-4288-8824-5CECC5CFE5FC}
		{35E7B25A-970F-4940-9FB3-E733E772E821} = {48A11C3D-2D73-4A32-A07F-D1777AD9B177}
		{C3F1DF3A-45FF-4F40-A566-A401359307BE} = {35E7B25A-970F-4940-9FB3-E733E772E821}
		{33519DEA-2961-4E45-84A2-A260588F647F} = {10C1146A-F99F-4D41-969E-BF1BFA6E6A27}
		{1AB1D0D3-E647-4541-BF11-53A3AD47CCC9} = {10C1146A-F99F-4D41-969E-BF1BFA6E6A27}
		{39ABF064-F9F1-4DE1-B172-2EEF5D69E265} = {10C1146A-F99F-4D41-969E-BF1BFA6E6A27}
		{0A82277E-3037-44BD-8800-C1F5F92A57D2} = {10C1146A-F99F-4D41-969E-BF1BFA6E6A27}
		{E901213E-7A81-4EB7-AC14-6746865F31C4} = {0A82277E-3037-44BD-8800-C1F5F92A57D2}
		{C2B82054-B696-437E-B48E-CEBF920D8A32} = {39ABF064-F9F1-4DE1-B172-2EEF5D69E265}
		{DA7051B8-3073-4655-9910-98F6B711187A} = {1AB1D0D3-E647-4541-BF11-53A3AD47CCC9}
		{87F20064-EE9B-48E6-89F7-515C6E73CB6B} = {33519DEA-2961-4E45-84A2-A260588F647F}
		{CFA1FB2A-8EFD-45F3-9CDE-F9192FE9919E} = {10C1146A-F99F-4D41-969E-BF1BFA6E6A27}
		{77C756DF-BAEF-48A8-BD23-B41EC7078FB4} = {CFA1FB2A-8EFD-45F3-9CDE-F9192FE9919E}
	EndGlobalSection
	GlobalSection(ExtensibilityGlobals) = postSolution
		SolutionGuid = {49863C9D-38E7-4875-B9B1-2D4594556302}
	EndGlobalSection
EndGlobal
