
Microsoft Visual Studio Solution File, Format Version 12.00
# Visual Studio Version 17
VisualStudioVersion = 17.3.32804.467
MinimumVisualStudioVersion = 10.0.40219.1
Project("{2150E333-8FDC-42A3-9474-1A3956D46DE8}") = "src", "src", "{70B37549-7BDF-499A-A040-45501065D8BB}"
EndProject
Project("{2150E333-8FDC-42A3-9474-1A3956D46DE8}") = "Building Blocks", "Building Blocks", "{48A11C3D-2D73-4A32-A07F-D1777AD9B177}"
EndProject
Project("{2150E333-8FDC-42A3-9474-1A3956D46DE8}") = "Services", "Services", "{10C1146A-F99F-4D41-969E-BF1BFA6E6A27}"
EndProject
Project("{2150E333-8FDC-42A3-9474-1A3956D46DE8}") = "Web", "Web", "{061CBD8A-8588-4970-A960-C659C1A595EB}"
EndProject
Project("{2150E333-8FDC-42A3-9474-1A3956D46DE8}") = "Identidade", "Identidade", "{D524F6D7-62A0-43AF-956F-C1041B735815}"
EndProject
Project("{2150E333-8FDC-42A3-9474-1A3956D46DE8}") = "MVC", "MVC", "{9B3A397A-AE91-4288-8824-5CECC5CFE5FC}"
EndProject
Project("{9A19103F-16F7-4668-BE54-9A1E7A4F7556}") = "NSE.WebApp.MVC", "src\web\NSE.WebApp.MVC\NSE.WebApp.MVC.csproj", "{41F043BA-07F4-4A95-8FF1-AA2F6810BA0F}"
EndProject
Project("{2150E333-8FDC-42A3-9474-1A3956D46DE8}") = "Core", "Core", "{35E7B25A-970F-4940-9FB3-E733E772E821}"
EndProject
Project("{9A19103F-16F7-4668-BE54-9A1E7A4F7556}") = "NSE.Core", "src\building blocks\NSE.Core\NSE.Core.csproj", "{C3F1DF3A-45FF-4F40-A566-A401359307BE}"
EndProject
Project("{2150E333-8FDC-42A3-9474-1A3956D46DE8}") = "Catalogo", "Catalogo", "{33519DEA-2961-4E45-84A2-A260588F647F}"
EndProject
Project("{2150E333-8FDC-42A3-9474-1A3956D46DE8}") = "Cliente", "Cliente", "{1AB1D0D3-E647-4541-BF11-53A3AD47CCC9}"
EndProject
Project("{2150E333-8FDC-42A3-9474-1A3956D46DE8}") = "Pagamento", "Pagamento", "{39ABF064-F9F1-4DE1-B172-2EEF5D69E265}"
EndProject
Project("{2150E333-8FDC-42A3-9474-1A3956D46DE8}") = "Pedido", "Pedido", "{0A82277E-3037-44BD-8800-C1F5F92A57D2}"
EndProject
Project("{2150E333-8FDC-42A3-9474-1A3956D46DE8}") = "Carrinho", "Carrinho", "{CFA1FB2A-8EFD-45F3-9CDE-F9192FE9919E}"
EndProject
Project("{9A19103F-16F7-4668-BE54-9A1E7A4F7556}") = "NSE.Pedidos.API", "src\services\NSE.Pedidos.API\NSE.Pedidos.API.csproj", "{A20200B2-6992-4455-A0CA-A9E9249946A3}"
EndProject
Project("{9A19103F-16F7-4668-BE54-9A1E7A4F7556}") = "NSE.Identidade.API", "src\services\NSE.Identidade.API\NSE.Identidade.API.csproj", "{4776B4BB-E45F-4AC2-BE9E-8CEDB92F7778}"
EndProject
Project("{9A19103F-16F7-4668-BE54-9A1E7A4F7556}") = "NSE.Pagamentos.API", "src\services\NSE.Pagamentos.API\NSE.Pagamentos.API.csproj", "{74AAA862-5F68-428B-AB3F-23F690105A8F}"
EndProject
Project("{9A19103F-16F7-4668-BE54-9A1E7A4F7556}") = "NSE.Clientes.API", "src\services\NSE.Clientes.API\NSE.Clientes.API.csproj", "{EBD45B08-F6E7-4981-A60B-612FBF9B745A}"
EndProject
Project("{9A19103F-16F7-4668-BE54-9A1E7A4F7556}") = "NSE.Catalogo.API", "src\services\NSE.Catalogo.API\NSE.Catalogo.API.csproj", "{DE0563FF-BC0D-4D82-BC0E-229744E2780B}"
EndProject
Project("{9A19103F-16F7-4668-BE54-9A1E7A4F7556}") = "NSE.Carrinho.API", "src\services\NSE.Carrinho.API\NSE.Carrinho.API.csproj", "{EE6A6D3C-38AC-4F51-86E9-EADEFBCA6E05}"
EndProject
Project("{2150E333-8FDC-42A3-9474-1A3956D46DE8}") = "Services", "Services", "{A2CA1847-0938-4410-8484-4627D16997EB}"
EndProject
Project("{9A19103F-16F7-4668-BE54-9A1E7A4F7556}") = "NSE.WebAPI.Core", "src\building blocks\NSE.WebAPI.Core\NSE.WebAPI.Core.csproj", "{62155F92-2279-4912-928D-E71165B505A5}"
EndProject
Project("{2150E333-8FDC-42A3-9474-1A3956D46DE8}") = "MessageBus", "MessageBus", "{C0DF2F8B-695D-4F03-9EAC-BFD96DAAFA69}"
EndProject
Project("{FAE04EC0-301F-11D3-BF4B-00C04F79EFBC}") = "NSE.MessageBus", "src\building blocks\NSE.MessageBus\NSE.MessageBus.csproj", "{CA456018-3E63-412E-84C1-41CFA9BB5A5A}"
EndProject
Global
	GlobalSection(SolutionConfigurationPlatforms) = preSolution
		Debug|Any CPU = Debug|Any CPU
		Release|Any CPU = Release|Any CPU
	EndGlobalSection
	GlobalSection(ProjectConfigurationPlatforms) = postSolution
		{41F043BA-07F4-4A95-8FF1-AA2F6810BA0F}.Debug|Any CPU.ActiveCfg = Debug|Any CPU
		{41F043BA-07F4-4A95-8FF1-AA2F6810BA0F}.Debug|Any CPU.Build.0 = Debug|Any CPU
		{41F043BA-07F4-4A95-8FF1-AA2F6810BA0F}.Release|Any CPU.ActiveCfg = Release|Any CPU
		{41F043BA-07F4-4A95-8FF1-AA2F6810BA0F}.Release|Any CPU.Build.0 = Release|Any CPU
		{C3F1DF3A-45FF-4F40-A566-A401359307BE}.Debug|Any CPU.ActiveCfg = Debug|Any CPU
		{C3F1DF3A-45FF-4F40-A566-A401359307BE}.Debug|Any CPU.Build.0 = Debug|Any CPU
		{C3F1DF3A-45FF-4F40-A566-A401359307BE}.Release|Any CPU.ActiveCfg = Release|Any CPU
		{C3F1DF3A-45FF-4F40-A566-A401359307BE}.Release|Any CPU.Build.0 = Release|Any CPU
		{A20200B2-6992-4455-A0CA-A9E9249946A3}.Debug|Any CPU.ActiveCfg = Debug|Any CPU
		{A20200B2-6992-4455-A0CA-A9E9249946A3}.Debug|Any CPU.Build.0 = Debug|Any CPU
		{A20200B2-6992-4455-A0CA-A9E9249946A3}.Release|Any CPU.ActiveCfg = Release|Any CPU
		{A20200B2-6992-4455-A0CA-A9E9249946A3}.Release|Any CPU.Build.0 = Release|Any CPU
		{4776B4BB-E45F-4AC2-BE9E-8CEDB92F7778}.Debug|Any CPU.ActiveCfg = Debug|Any CPU
		{4776B4BB-E45F-4AC2-BE9E-8CEDB92F7778}.Debug|Any CPU.Build.0 = Debug|Any CPU
		{4776B4BB-E45F-4AC2-BE9E-8CEDB92F7778}.Release|Any CPU.ActiveCfg = Release|Any CPU
		{4776B4BB-E45F-4AC2-BE9E-8CEDB92F7778}.Release|Any CPU.Build.0 = Release|Any CPU
		{74AAA862-5F68-428B-AB3F-23F690105A8F}.Debug|Any CPU.ActiveCfg = Debug|Any CPU
		{74AAA862-5F68-428B-AB3F-23F690105A8F}.Debug|Any CPU.Build.0 = Debug|Any CPU
		{74AAA862-5F68-428B-AB3F-23F690105A8F}.Release|Any CPU.ActiveCfg = Release|Any CPU
		{74AAA862-5F68-428B-AB3F-23F690105A8F}.Release|Any CPU.Build.0 = Release|Any CPU
		{EBD45B08-F6E7-4981-A60B-612FBF9B745A}.Debug|Any CPU.ActiveCfg = Debug|Any CPU
		{EBD45B08-F6E7-4981-A60B-612FBF9B745A}.Debug|Any CPU.Build.0 = Debug|Any CPU
		{EBD45B08-F6E7-4981-A60B-612FBF9B745A}.Release|Any CPU.ActiveCfg = Release|Any CPU
		{EBD45B08-F6E7-4981-A60B-612FBF9B745A}.Release|Any CPU.Build.0 = Release|Any CPU
		{DE0563FF-BC0D-4D82-BC0E-229744E2780B}.Debug|Any CPU.ActiveCfg = Debug|Any CPU
		{DE0563FF-BC0D-4D82-BC0E-229744E2780B}.Debug|Any CPU.Build.0 = Debug|Any CPU
		{DE0563FF-BC0D-4D82-BC0E-229744E2780B}.Release|Any CPU.ActiveCfg = Release|Any CPU
		{DE0563FF-BC0D-4D82-BC0E-229744E2780B}.Release|Any CPU.Build.0 = Release|Any CPU
		{EE6A6D3C-38AC-4F51-86E9-EADEFBCA6E05}.Debug|Any CPU.ActiveCfg = Debug|Any CPU
		{EE6A6D3C-38AC-4F51-86E9-EADEFBCA6E05}.Debug|Any CPU.Build.0 = Debug|Any CPU
		{EE6A6D3C-38AC-4F51-86E9-EADEFBCA6E05}.Release|Any CPU.ActiveCfg = Release|Any CPU
		{EE6A6D3C-38AC-4F51-86E9-EADEFBCA6E05}.Release|Any CPU.Build.0 = Release|Any CPU
		{62155F92-2279-4912-928D-E71165B505A5}.Debug|Any CPU.ActiveCfg = Debug|Any CPU
		{62155F92-2279-4912-928D-E71165B505A5}.Debug|Any CPU.Build.0 = Debug|Any CPU
		{62155F92-2279-4912-928D-E71165B505A5}.Release|Any CPU.ActiveCfg = Release|Any CPU
		{62155F92-2279-4912-928D-E71165B505A5}.Release|Any CPU.Build.0 = Release|Any CPU
		{CA456018-3E63-412E-84C1-41CFA9BB5A5A}.Debug|Any CPU.ActiveCfg = Debug|Any CPU
		{CA456018-3E63-412E-84C1-41CFA9BB5A5A}.Debug|Any CPU.Build.0 = Debug|Any CPU
		{CA456018-3E63-412E-84C1-41CFA9BB5A5A}.Release|Any CPU.ActiveCfg = Release|Any CPU
		{CA456018-3E63-412E-84C1-41CFA9BB5A5A}.Release|Any CPU.Build.0 = Release|Any CPU
	EndGlobalSection
	GlobalSection(SolutionProperties) = preSolution
		HideSolutionNode = FALSE
	EndGlobalSection
	GlobalSection(NestedProjects) = preSolution
		{48A11C3D-2D73-4A32-A07F-D1777AD9B177} = {70B37549-7BDF-499A-A040-45501065D8BB}
		{10C1146A-F99F-4D41-969E-BF1BFA6E6A27} = {70B37549-7BDF-499A-A040-45501065D8BB}
		{061CBD8A-8588-4970-A960-C659C1A595EB} = {70B37549-7BDF-499A-A040-45501065D8BB}
		{D524F6D7-62A0-43AF-956F-C1041B735815} = {10C1146A-F99F-4D41-969E-BF1BFA6E6A27}
		{9B3A397A-AE91-4288-8824-5CECC5CFE5FC} = {061CBD8A-8588-4970-A960-C659C1A595EB}
		{41F043BA-07F4-4A95-8FF1-AA2F6810BA0F} = {9B3A397A-AE91-4288-8824-5CECC5CFE5FC}
		{35E7B25A-970F-4940-9FB3-E733E772E821} = {48A11C3D-2D73-4A32-A07F-D1777AD9B177}
		{C3F1DF3A-45FF-4F40-A566-A401359307BE} = {35E7B25A-970F-4940-9FB3-E733E772E821}
		{33519DEA-2961-4E45-84A2-A260588F647F} = {10C1146A-F99F-4D41-969E-BF1BFA6E6A27}
		{1AB1D0D3-E647-4541-BF11-53A3AD47CCC9} = {10C1146A-F99F-4D41-969E-BF1BFA6E6A27}
		{39ABF064-F9F1-4DE1-B172-2EEF5D69E265} = {10C1146A-F99F-4D41-969E-BF1BFA6E6A27}
		{0A82277E-3037-44BD-8800-C1F5F92A57D2} = {10C1146A-F99F-4D41-969E-BF1BFA6E6A27}
		{CFA1FB2A-8EFD-45F3-9CDE-F9192FE9919E} = {10C1146A-F99F-4D41-969E-BF1BFA6E6A27}
		{A20200B2-6992-4455-A0CA-A9E9249946A3} = {0A82277E-3037-44BD-8800-C1F5F92A57D2}
		{4776B4BB-E45F-4AC2-BE9E-8CEDB92F7778} = {D524F6D7-62A0-43AF-956F-C1041B735815}
		{74AAA862-5F68-428B-AB3F-23F690105A8F} = {39ABF064-F9F1-4DE1-B172-2EEF5D69E265}
		{EBD45B08-F6E7-4981-A60B-612FBF9B745A} = {1AB1D0D3-E647-4541-BF11-53A3AD47CCC9}
		{DE0563FF-BC0D-4D82-BC0E-229744E2780B} = {33519DEA-2961-4E45-84A2-A260588F647F}
		{EE6A6D3C-38AC-4F51-86E9-EADEFBCA6E05} = {CFA1FB2A-8EFD-45F3-9CDE-F9192FE9919E}
		{A2CA1847-0938-4410-8484-4627D16997EB} = {48A11C3D-2D73-4A32-A07F-D1777AD9B177}
		{62155F92-2279-4912-928D-E71165B505A5} = {A2CA1847-0938-4410-8484-4627D16997EB}
		{C0DF2F8B-695D-4F03-9EAC-BFD96DAAFA69} = {48A11C3D-2D73-4A32-A07F-D1777AD9B177}
		{CA456018-3E63-412E-84C1-41CFA9BB5A5A} = {C0DF2F8B-695D-4F03-9EAC-BFD96DAAFA69}
	EndGlobalSection
	GlobalSection(ExtensibilityGlobals) = postSolution
		SolutionGuid = {49863C9D-38E7-4875-B9B1-2D4594556302}
	EndGlobalSection
EndGlobal
